
Microsoft Visual Studio Solution File, Format Version 12.00
# Visual Studio Version 17
VisualStudioVersion = 17.12.35707.178
MinimumVisualStudioVersion = 10.0.40219.1
Project("{FAE04EC0-301F-11D3-BF4B-00C04F79EFBC}") = "StockTracker.Models", "src\domain\StockTracker.Models\StockTracker.Models.csproj", "{3AAA4513-5FAC-46D9-A293-20EC25E4A9C8}"
EndProject
Project("{2150E333-8FDC-42A3-9474-1A3956D46DE8}") = "third-party", "third-party", "{827E0C4D-A02D-470C-B6E1-52EF4F98D5FA}"
EndProject
Project("{FAE04EC0-301F-11D3-BF4B-00C04F79EFBC}") = "StockTracker.MarketStack.Services", "src\third-party\StockTracker.MarketStack.Services\StockTracker.MarketStack.Services.csproj", "{285075AB-C325-4214-A1ED-E7BE71186844}"
EndProject
Project("{2150E333-8FDC-42A3-9474-1A3956D46DE8}") = "domain", "domain", "{6327756A-F7E0-41BB-AC4B-F69CE576F485}"
EndProject
Project("{FAE04EC0-301F-11D3-BF4B-00C04F79EFBC}") = "StockTracker.CrossCutting", "src\domain\StockTracker.CrossCutting\StockTracker.CrossCutting.csproj", "{4A032127-CDC1-4FE4-B330-4B2EAA0B7EC0}"
EndProject
Project("{FAE04EC0-301F-11D3-BF4B-00C04F79EFBC}") = "StockTracker.Infrastructure", "src\domain\StockTracker.Infrastructure\StockTracker.Infrastructure.csproj", "{5F0B37A8-F346-4468-8320-87C82CD98B86}"
EndProject
Project("{2150E333-8FDC-42A3-9474-1A3956D46DE8}") = "consumer", "consumer", "{ED4D6D8F-8422-4E1E-BE94-0EDC38D4B752}"
EndProject
Project("{FAE04EC0-301F-11D3-BF4B-00C04F79EFBC}") = "StockTracker.ExtractorFunction", "src\consumer\StockTracker.ExtractorFunction\StockTracker.ExtractorFunction.csproj", "{F904B160-3545-4AA3-AE20-D17C71A5D114}"
EndProject
Project("{2150E333-8FDC-42A3-9474-1A3956D46DE8}") = "tests", "tests", "{71498DA5-CA44-4BE5-9C4E-2E2C0F1A7898}"
EndProject
Project("{FAE04EC0-301F-11D3-BF4B-00C04F79EFBC}") = "StockTracker.MarketStack.Services.UnitTests", "tests\StockTracker.Services.UnitTests\StockTracker.MarketStack.Services.UnitTests.csproj", "{F1825AB1-1DAE-47A8-851B-E0E4DE93DF48}"
EndProject
Project("{FAE04EC0-301F-11D3-BF4B-00C04F79EFBC}") = "StockTracker.ExtractorFunction.Application", "src\consumer\StockTracker.ExtractorFunction.Application\StockTracker.ExtractorFunction.Application.csproj", "{1CF11509-4C67-4DAE-BF7D-247D11E97873}"
EndProject
Project("{FAE04EC0-301F-11D3-BF4B-00C04F79EFBC}") = "StockTracker.Frontend", "src\consumer\StockTracker.Frontend\StockTracker.Frontend.csproj", "{24193D31-F67B-48AC-9A27-DBFCC5AF90B3}"
EndProject
Project("{FAE04EC0-301F-11D3-BF4B-00C04F79EFBC}") = "StockTracker.Identity.Api", "src\consumer\StockTracker.Identity.Api\StockTracker.Identity.Api.csproj", "{28F24963-DCE8-4B8A-96DF-0F514435FB44}"
EndProject
Global
	GlobalSection(SolutionConfigurationPlatforms) = preSolution
		Debug|Any CPU = Debug|Any CPU
		Release|Any CPU = Release|Any CPU
	EndGlobalSection
	GlobalSection(ProjectConfigurationPlatforms) = postSolution
		{3AAA4513-5FAC-46D9-A293-20EC25E4A9C8}.Debug|Any CPU.ActiveCfg = Debug|Any CPU
		{3AAA4513-5FAC-46D9-A293-20EC25E4A9C8}.Debug|Any CPU.Build.0 = Debug|Any CPU
		{3AAA4513-5FAC-46D9-A293-20EC25E4A9C8}.Release|Any CPU.ActiveCfg = Release|Any CPU
		{3AAA4513-5FAC-46D9-A293-20EC25E4A9C8}.Release|Any CPU.Build.0 = Release|Any CPU
		{285075AB-C325-4214-A1ED-E7BE71186844}.Debug|Any CPU.ActiveCfg = Debug|Any CPU
		{285075AB-C325-4214-A1ED-E7BE71186844}.Debug|Any CPU.Build.0 = Debug|Any CPU
		{285075AB-C325-4214-A1ED-E7BE71186844}.Release|Any CPU.ActiveCfg = Release|Any CPU
		{285075AB-C325-4214-A1ED-E7BE71186844}.Release|Any CPU.Build.0 = Release|Any CPU
		{4A032127-CDC1-4FE4-B330-4B2EAA0B7EC0}.Debug|Any CPU.ActiveCfg = Debug|Any CPU
		{4A032127-CDC1-4FE4-B330-4B2EAA0B7EC0}.Debug|Any CPU.Build.0 = Debug|Any CPU
		{4A032127-CDC1-4FE4-B330-4B2EAA0B7EC0}.Release|Any CPU.ActiveCfg = Release|Any CPU
		{4A032127-CDC1-4FE4-B330-4B2EAA0B7EC0}.Release|Any CPU.Build.0 = Release|Any CPU
		{5F0B37A8-F346-4468-8320-87C82CD98B86}.Debug|Any CPU.ActiveCfg = Debug|Any CPU
		{5F0B37A8-F346-4468-8320-87C82CD98B86}.Debug|Any CPU.Build.0 = Debug|Any CPU
		{5F0B37A8-F346-4468-8320-87C82CD98B86}.Release|Any CPU.ActiveCfg = Release|Any CPU
		{5F0B37A8-F346-4468-8320-87C82CD98B86}.Release|Any CPU.Build.0 = Release|Any CPU
		{F904B160-3545-4AA3-AE20-D17C71A5D114}.Debug|Any CPU.ActiveCfg = Debug|Any CPU
		{F904B160-3545-4AA3-AE20-D17C71A5D114}.Debug|Any CPU.Build.0 = Debug|Any CPU
		{F904B160-3545-4AA3-AE20-D17C71A5D114}.Release|Any CPU.ActiveCfg = Release|Any CPU
		{F904B160-3545-4AA3-AE20-D17C71A5D114}.Release|Any CPU.Build.0 = Release|Any CPU
		{F1825AB1-1DAE-47A8-851B-E0E4DE93DF48}.Debug|Any CPU.ActiveCfg = Debug|Any CPU
		{F1825AB1-1DAE-47A8-851B-E0E4DE93DF48}.Debug|Any CPU.Build.0 = Debug|Any CPU
		{F1825AB1-1DAE-47A8-851B-E0E4DE93DF48}.Release|Any CPU.ActiveCfg = Release|Any CPU
		{F1825AB1-1DAE-47A8-851B-E0E4DE93DF48}.Release|Any CPU.Build.0 = Release|Any CPU
		{1CF11509-4C67-4DAE-BF7D-247D11E97873}.Debug|Any CPU.ActiveCfg = Debug|Any CPU
		{1CF11509-4C67-4DAE-BF7D-247D11E97873}.Debug|Any CPU.Build.0 = Debug|Any CPU
		{1CF11509-4C67-4DAE-BF7D-247D11E97873}.Release|Any CPU.ActiveCfg = Release|Any CPU
		{1CF11509-4C67-4DAE-BF7D-247D11E97873}.Release|Any CPU.Build.0 = Release|Any CPU
		{24193D31-F67B-48AC-9A27-DBFCC5AF90B3}.Debug|Any CPU.ActiveCfg = Debug|Any CPU
		{24193D31-F67B-48AC-9A27-DBFCC5AF90B3}.Debug|Any CPU.Build.0 = Debug|Any CPU
		{24193D31-F67B-48AC-9A27-DBFCC5AF90B3}.Release|Any CPU.ActiveCfg = Release|Any CPU
		{24193D31-F67B-48AC-9A27-DBFCC5AF90B3}.Release|Any CPU.Build.0 = Release|Any CPU
		{28F24963-DCE8-4B8A-96DF-0F514435FB44}.Debug|Any CPU.ActiveCfg = Debug|Any CPU
		{28F24963-DCE8-4B8A-96DF-0F514435FB44}.Debug|Any CPU.Build.0 = Debug|Any CPU
		{28F24963-DCE8-4B8A-96DF-0F514435FB44}.Release|Any CPU.ActiveCfg = Release|Any CPU
		{28F24963-DCE8-4B8A-96DF-0F514435FB44}.Release|Any CPU.Build.0 = Release|Any CPU
	EndGlobalSection
	GlobalSection(SolutionProperties) = preSolution
		HideSolutionNode = FALSE
	EndGlobalSection
	GlobalSection(NestedProjects) = preSolution
		{3AAA4513-5FAC-46D9-A293-20EC25E4A9C8} = {6327756A-F7E0-41BB-AC4B-F69CE576F485}
		{285075AB-C325-4214-A1ED-E7BE71186844} = {827E0C4D-A02D-470C-B6E1-52EF4F98D5FA}
		{4A032127-CDC1-4FE4-B330-4B2EAA0B7EC0} = {6327756A-F7E0-41BB-AC4B-F69CE576F485}
		{5F0B37A8-F346-4468-8320-87C82CD98B86} = {6327756A-F7E0-41BB-AC4B-F69CE576F485}
		{F904B160-3545-4AA3-AE20-D17C71A5D114} = {ED4D6D8F-8422-4E1E-BE94-0EDC38D4B752}
		{F1825AB1-1DAE-47A8-851B-E0E4DE93DF48} = {71498DA5-CA44-4BE5-9C4E-2E2C0F1A7898}
		{1CF11509-4C67-4DAE-BF7D-247D11E97873} = {ED4D6D8F-8422-4E1E-BE94-0EDC38D4B752}
		{24193D31-F67B-48AC-9A27-DBFCC5AF90B3} = {ED4D6D8F-8422-4E1E-BE94-0EDC38D4B752}
		{28F24963-DCE8-4B8A-96DF-0F514435FB44} = {ED4D6D8F-8422-4E1E-BE94-0EDC38D4B752}
	EndGlobalSection
	GlobalSection(ExtensibilityGlobals) = postSolution
		SolutionGuid = {B4A66BA6-3E4E-40D2-9BE5-270BC7FD07AB}
	EndGlobalSection
EndGlobal
